
Microsoft Visual Studio Solution File, Format Version 12.00
# Visual Studio Version 16
VisualStudioVersion = 16.0.30804.86
MinimumVisualStudioVersion = 10.0.40219.1
Project("{FAE04EC0-301F-11D3-BF4B-00C04F79EFBC}") = "MvcProject", "MvcProject\MvcProject.csproj", "{90EA620F-B93F-4F8B-BCE3-A120BBDCD040}"
EndProject
Project("{FAE04EC0-301F-11D3-BF4B-00C04F79EFBC}") = "EntityLayer", "EntityLayer\EntityLayer.csproj", "{97A9F199-EE1F-4396-8F82-B25FA72AB47A}"
EndProject
Project("{FAE04EC0-301F-11D3-BF4B-00C04F79EFBC}") = "DataAccessLayer", "DataAccessLayer\DataAccessLayer.csproj", "{3D317071-4AAE-4BBA-BEFC-75B80E7F09C1}"
EndProject
Project("{FAE04EC0-301F-11D3-BF4B-00C04F79EFBC}") = "BusinessLayer", "BusinessLayer\BusinessLayer.csproj", "{47811653-8A2A-4745-AF7A-B5A16A1FD38A}"
EndProject
Global
	GlobalSection(SolutionConfigurationPlatforms) = preSolution
		Debug|Any CPU = Debug|Any CPU
		Release|Any CPU = Release|Any CPU
	EndGlobalSection
	GlobalSection(ProjectConfigurationPlatforms) = postSolution
		{90EA620F-B93F-4F8B-BCE3-A120BBDCD040}.Debug|Any CPU.ActiveCfg = Debug|Any CPU
		{90EA620F-B93F-4F8B-BCE3-A120BBDCD040}.Debug|Any CPU.Build.0 = Debug|Any CPU
		{90EA620F-B93F-4F8B-BCE3-A120BBDCD040}.Release|Any CPU.ActiveCfg = Release|Any CPU
		{90EA620F-B93F-4F8B-BCE3-A120BBDCD040}.Release|Any CPU.Build.0 = Release|Any CPU
		{97A9F199-EE1F-4396-8F82-B25FA72AB47A}.Debug|Any CPU.ActiveCfg = Debug|Any CPU
		{97A9F199-EE1F-4396-8F82-B25FA72AB47A}.Debug|Any CPU.Build.0 = Debug|Any CPU
		{97A9F199-EE1F-4396-8F82-B25FA72AB47A}.Release|Any CPU.ActiveCfg = Release|Any CPU
		{97A9F199-EE1F-4396-8F82-B25FA72AB47A}.Release|Any CPU.Build.0 = Release|Any CPU
		{3D317071-4AAE-4BBA-BEFC-75B80E7F09C1}.Debug|Any CPU.ActiveCfg = Debug|Any CPU
		{3D317071-4AAE-4BBA-BEFC-75B80E7F09C1}.Debug|Any CPU.Build.0 = Debug|Any CPU
		{3D317071-4AAE-4BBA-BEFC-75B80E7F09C1}.Release|Any CPU.ActiveCfg = Release|Any CPU
		{3D317071-4AAE-4BBA-BEFC-75B80E7F09C1}.Release|Any CPU.Build.0 = Release|Any CPU
		{47811653-8A2A-4745-AF7A-B5A16A1FD38A}.Debug|Any CPU.ActiveCfg = Debug|Any CPU
		{47811653-8A2A-4745-AF7A-B5A16A1FD38A}.Debug|Any CPU.Build.0 = Debug|Any CPU
		{47811653-8A2A-4745-AF7A-B5A16A1FD38A}.Release|Any CPU.ActiveCfg = Release|Any CPU
		{47811653-8A2A-4745-AF7A-B5A16A1FD38A}.Release|Any CPU.Build.0 = Release|Any CPU
	EndGlobalSection
	GlobalSection(SolutionProperties) = preSolution
		HideSolutionNode = FALSE
	EndGlobalSection
	GlobalSection(ExtensibilityGlobals) = postSolution
		SolutionGuid = {879B2C1A-EB9D-474D-9B29-E883699C4C64}
	EndGlobalSection
EndGlobal
